
Microsoft Visual Studio Solution File, Format Version 12.00
# Visual Studio Version 17
VisualStudioVersion = 17.11.35312.102
MinimumVisualStudioVersion = 10.0.40219.1
Project("{2150E333-8FDC-42A3-9474-1A3956D46DE8}") = "Task0", "Task0", "{683E3B27-08F9-47C5-80D8-8BB27E6F63D7}"
EndProject
Project("{2150E333-8FDC-42A3-9474-1A3956D46DE8}") = "Task1", "Task1", "{9693F4CF-2E0D-41CE-938B-4F701DE63102}"
EndProject
Project("{2150E333-8FDC-42A3-9474-1A3956D46DE8}") = "Task2", "Task2", "{4B2B0863-3E2B-4794-8A92-EC3F271C4869}"
EndProject
Project("{2150E333-8FDC-42A3-9474-1A3956D46DE8}") = "Task3", "Task3", "{00666F41-6217-485B-AFE6-1F7E346B2C91}"
EndProject
Project("{2150E333-8FDC-42A3-9474-1A3956D46DE8}") = "Task4", "Task4", "{F2D1B81B-D992-4352-8979-C46E7130C217}"
EndProject
Project("{2150E333-8FDC-42A3-9474-1A3956D46DE8}") = "Task5", "Task5", "{6A8DCE79-1908-44A0-B849-BADB3E309173}"
EndProject
Project("{2150E333-8FDC-42A3-9474-1A3956D46DE8}") = "Task6", "Task6", "{6D88FFF1-6719-43E4-B552-5EFC693420D9}"
EndProject
Project("{2150E333-8FDC-42A3-9474-1A3956D46DE8}") = "Task7", "Task7", "{09580DA5-EBE9-4B4B-95F0-99F4C92FB339}"
EndProject
Project("{FAE04EC0-301F-11D3-BF4B-00C04F79EFBC}") = "Tyuiu.MasalimovTR.Sprint5.Task0.V25", "Tyuiu.MasalimovTR.Sprint5.Task0.V25\Tyuiu.MasalimovTR.Sprint5.Task0.V25.csproj", "{1FAA7677-7B11-4DF1-B708-796372074EC3}"
EndProject
Project("{FAE04EC0-301F-11D3-BF4B-00C04F79EFBC}") = "Tyuiu.MasalimovTR.Sprint5.Task0.V25.Test", "Tyuiu.MasalimovTR.Sprint5.Task0.V25.Test\Tyuiu.MasalimovTR.Sprint5.Task0.V25.Test.csproj", "{87B49CC7-3BFF-49C5-B695-679B04227C20}"
EndProject
Project("{FAE04EC0-301F-11D3-BF4B-00C04F79EFBC}") = "Tyuiu.MasalimovTR.Sprint5.Task0.V25.Lib", "Tyuiu.MasalimovTR.Sprint5.Task0.V25.Lib\Tyuiu.MasalimovTR.Sprint5.Task0.V25.Lib.csproj", "{14F0FD4E-DED6-4E0F-9E32-CA9BFCBC6273}"
EndProject
Project("{FAE04EC0-301F-11D3-BF4B-00C04F79EFBC}") = "Tyuiu.MasalimovTR.Sprint5.Task1.V1", "Tyuiu.MasalimovTR.Sprint5.Task1.V1\Tyuiu.MasalimovTR.Sprint5.Task1.V1.csproj", "{227DD3A0-0054-47FE-AF3D-8010AE936BF9}"
EndProject
Project("{FAE04EC0-301F-11D3-BF4B-00C04F79EFBC}") = "Tyuiu.MasalimovTR.Sprint5.Task1.V1.Lib", "Tyuiu.MasalimovTR.Sprint5.Task1.V1.Lib\Tyuiu.MasalimovTR.Sprint5.Task1.V1.Lib.csproj", "{767B6C44-6204-497E-9ECB-DBB5455B7172}"
EndProject
Project("{FAE04EC0-301F-11D3-BF4B-00C04F79EFBC}") = "Tyuiu.MasalimovTR.Sprint5.Task1.V1.Test", "Tyuiu.MasalimovTR.Sprint5.Task1.V1.Test\Tyuiu.MasalimovTR.Sprint5.Task1.V1.Test.csproj", "{7EE6D173-A46F-4074-8B34-3534AFE99A70}"
EndProject
Project("{FAE04EC0-301F-11D3-BF4B-00C04F79EFBC}") = "Tyuiu.MasalimovTR.Sprint5.Task2.V14", "Tyuiu.MasalimovTR.Sprint5.Task2.V14\Tyuiu.MasalimovTR.Sprint5.Task2.V14.csproj", "{F571AC7D-9979-4577-9028-7436ACFF9CBC}"
EndProject
Project("{FAE04EC0-301F-11D3-BF4B-00C04F79EFBC}") = "Tyuiu.MasalimovTR.Sprint5.Task2.V14.Test", "Tyuiu.MasalimovTR.Sprint5.Task2.V14.Test\Tyuiu.MasalimovTR.Sprint5.Task2.V14.Test.csproj", "{1C2AFB9A-03E6-4A88-9AC1-F1EB6669CEB8}"
EndProject
Project("{FAE04EC0-301F-11D3-BF4B-00C04F79EFBC}") = "Tyuiu.MasalimovTR.Sprint5.Task2.V14.Lib", "Tyuiu.MasalimovTR.Sprint5.Task2.V14.Lib\Tyuiu.MasalimovTR.Sprint5.Task2.V14.Lib.csproj", "{EC1E62E1-FC12-48C4-A002-9C96A59E51A4}"
EndProject
Project("{FAE04EC0-301F-11D3-BF4B-00C04F79EFBC}") = "Tyuiu.MasalimovTR.Sprint5.Task3.V18", "Tyuiu.MasalimovTR.Sprint5.Task3.V18\Tyuiu.MasalimovTR.Sprint5.Task3.V18.csproj", "{56328B6C-9BE3-4E08-8C17-5D2F82D4E072}"
EndProject
Project("{FAE04EC0-301F-11D3-BF4B-00C04F79EFBC}") = "Tyuiu.MasalimovTR.Sprint5.Task3.V18.Lib", "Tyuiu.MasalimovTR.Sprint5.Task3.V18.Lib\Tyuiu.MasalimovTR.Sprint5.Task3.V18.Lib.csproj", "{86330571-86A5-4D7B-979F-D50DE5F5C2D7}"
EndProject
Project("{FAE04EC0-301F-11D3-BF4B-00C04F79EFBC}") = "Tyuiu.MasalimovTR.Sprint5.Task3.V18.Test", "Tyuiu.MasalimovTR.Sprint5.Task3.V18.Test\Tyuiu.MasalimovTR.Sprint5.Task3.V18.Test.csproj", "{D4B9A429-D081-4435-9630-F567EB87A790}"
EndProject
Project("{FAE04EC0-301F-11D3-BF4B-00C04F79EFBC}") = "Tyuiu.MasalimovTR.Sprint5.Task4.V25", "Tyuiu.MasalimovTR.Sprint5.Task4.V25\Tyuiu.MasalimovTR.Sprint5.Task4.V25.csproj", "{7232A749-E2C2-4BE2-B11B-F4FB8BDEA481}"
EndProject
Project("{FAE04EC0-301F-11D3-BF4B-00C04F79EFBC}") = "Tyuiu.MasalimovTR.Sprint5.Task4.V25.Test", "Tyuiu.MasalimovTR.Sprint5.Task4.V25.Test\Tyuiu.MasalimovTR.Sprint5.Task4.V25.Test.csproj", "{C6C7A29A-4182-42C3-A30A-BC78506E2978}"
EndProject
Project("{FAE04EC0-301F-11D3-BF4B-00C04F79EFBC}") = "Tyuiu.MasalimovTR.Sprint5.Task4.V25.Lib", "Tyuiu.MasalimovTR.Sprint5.Task4.V25.Lib\Tyuiu.MasalimovTR.Sprint5.Task4.V25.Lib.csproj", "{86FA937D-44D3-43F7-A69D-3F65024A00BC}"
EndProject
Project("{FAE04EC0-301F-11D3-BF4B-00C04F79EFBC}") = "Tyuiu.MasalimovTR.Sprint5.Task5.V10", "Tyuiu.MasalimovTR.Sprint5.Task5.V10\Tyuiu.MasalimovTR.Sprint5.Task5.V10.csproj", "{D358182B-1C55-4015-B61A-1DA93C76062B}"
EndProject
Project("{FAE04EC0-301F-11D3-BF4B-00C04F79EFBC}") = "Tyuiu.MasalimovTR.Sprint5.Task5.V10.Lib", "Tyuiu.MasalimovTR.Sprint5.Task5.V10.Lib\Tyuiu.MasalimovTR.Sprint5.Task5.V10.Lib.csproj", "{7AD75D46-C51A-4400-B27F-FB31FDE4A642}"
EndProject
Project("{FAE04EC0-301F-11D3-BF4B-00C04F79EFBC}") = "Tyuiu.MasalimovTR.Sprint5.Task5.V10.Test", "Tyuiu.MasalimovTR.Sprint5.Task5.V10.Test\Tyuiu.MasalimovTR.Sprint5.Task5.V10.Test.csproj", "{0FA8C920-7E4A-4A31-A0C9-E04E3C75F105}"
EndProject
Project("{FAE04EC0-301F-11D3-BF4B-00C04F79EFBC}") = "Tyuiu.MasalimovTR.Sprint5.Task6.V6", "Tyuiu.MasalimovTR.Sprint5.Task6.V6\Tyuiu.MasalimovTR.Sprint5.Task6.V6.csproj", "{BF41EEB6-6782-462A-809C-B9B45C892B44}"
EndProject
Project("{FAE04EC0-301F-11D3-BF4B-00C04F79EFBC}") = "Tyuiu.MasalimovTR.Sprint5.Task6.V6.Test", "Tyuiu.MasalimovTR.Sprint5.Task6.V6.Test\Tyuiu.MasalimovTR.Sprint5.Task6.V6.Test.csproj", "{D8360EDF-147F-4B8D-9E33-AAA6314052FB}"
EndProject
Project("{FAE04EC0-301F-11D3-BF4B-00C04F79EFBC}") = "Tyuiu.MasalimovTR.Sprint5.Task6.V6.Lib", "Tyuiu.MasalimovTR.Sprint5.Task6.V6.Lib\Tyuiu.MasalimovTR.Sprint5.Task6.V6.Lib.csproj", "{5D118B74-8766-472F-AE82-4447C613782A}"
EndProject
Project("{FAE04EC0-301F-11D3-BF4B-00C04F79EFBC}") = "Tyuiu.MasalimovTR.Sprint5.Task7.V25", "Tyuiu.MasalimovTR.Sprint5.Task7.V25\Tyuiu.MasalimovTR.Sprint5.Task7.V25.csproj", "{65F73E43-7792-46BB-9AB6-C187869C7FD7}"
EndProject
Project("{FAE04EC0-301F-11D3-BF4B-00C04F79EFBC}") = "Tyuiu.MasalimovTR.Sprint5.Task7.V25.Lib", "Tyuiu.MasalimovTR.Sprint5.Task7.V25.Lib\Tyuiu.MasalimovTR.Sprint5.Task7.V25.Lib.csproj", "{44ADDE44-676D-457A-8F38-CDA5F7A10CFB}"
EndProject
Project("{FAE04EC0-301F-11D3-BF4B-00C04F79EFBC}") = "Tyuiu.MasalimovTR.Sprint5.Task7.V25.Test", "Tyuiu.MasalimovTR.Sprint5.Task7.V25.Test\Tyuiu.MasalimovTR.Sprint5.Task7.V25.Test.csproj", "{7506616C-B4CF-4F89-8801-F4ACC3B8A604}"
EndProject
Global
	GlobalSection(SolutionConfigurationPlatforms) = preSolution
		Debug|Any CPU = Debug|Any CPU
		Release|Any CPU = Release|Any CPU
	EndGlobalSection
	GlobalSection(ProjectConfigurationPlatforms) = postSolution
		{1FAA7677-7B11-4DF1-B708-796372074EC3}.Debug|Any CPU.ActiveCfg = Debug|Any CPU
		{1FAA7677-7B11-4DF1-B708-796372074EC3}.Debug|Any CPU.Build.0 = Debug|Any CPU
		{1FAA7677-7B11-4DF1-B708-796372074EC3}.Release|Any CPU.ActiveCfg = Release|Any CPU
		{1FAA7677-7B11-4DF1-B708-796372074EC3}.Release|Any CPU.Build.0 = Release|Any CPU
		{87B49CC7-3BFF-49C5-B695-679B04227C20}.Debug|Any CPU.ActiveCfg = Debug|Any CPU
		{87B49CC7-3BFF-49C5-B695-679B04227C20}.Debug|Any CPU.Build.0 = Debug|Any CPU
		{87B49CC7-3BFF-49C5-B695-679B04227C20}.Release|Any CPU.ActiveCfg = Release|Any CPU
		{87B49CC7-3BFF-49C5-B695-679B04227C20}.Release|Any CPU.Build.0 = Release|Any CPU
		{14F0FD4E-DED6-4E0F-9E32-CA9BFCBC6273}.Debug|Any CPU.ActiveCfg = Debug|Any CPU
		{14F0FD4E-DED6-4E0F-9E32-CA9BFCBC6273}.Debug|Any CPU.Build.0 = Debug|Any CPU
		{14F0FD4E-DED6-4E0F-9E32-CA9BFCBC6273}.Release|Any CPU.ActiveCfg = Release|Any CPU
		{14F0FD4E-DED6-4E0F-9E32-CA9BFCBC6273}.Release|Any CPU.Build.0 = Release|Any CPU
		{227DD3A0-0054-47FE-AF3D-8010AE936BF9}.Debug|Any CPU.ActiveCfg = Debug|Any CPU
		{227DD3A0-0054-47FE-AF3D-8010AE936BF9}.Debug|Any CPU.Build.0 = Debug|Any CPU
		{227DD3A0-0054-47FE-AF3D-8010AE936BF9}.Release|Any CPU.ActiveCfg = Release|Any CPU
		{227DD3A0-0054-47FE-AF3D-8010AE936BF9}.Release|Any CPU.Build.0 = Release|Any CPU
		{767B6C44-6204-497E-9ECB-DBB5455B7172}.Debug|Any CPU.ActiveCfg = Debug|Any CPU
		{767B6C44-6204-497E-9ECB-DBB5455B7172}.Debug|Any CPU.Build.0 = Debug|Any CPU
		{767B6C44-6204-497E-9ECB-DBB5455B7172}.Release|Any CPU.ActiveCfg = Release|Any CPU
		{767B6C44-6204-497E-9ECB-DBB5455B7172}.Release|Any CPU.Build.0 = Release|Any CPU
		{7EE6D173-A46F-4074-8B34-3534AFE99A70}.Debug|Any CPU.ActiveCfg = Debug|Any CPU
		{7EE6D173-A46F-4074-8B34-3534AFE99A70}.Debug|Any CPU.Build.0 = Debug|Any CPU
		{7EE6D173-A46F-4074-8B34-3534AFE99A70}.Release|Any CPU.ActiveCfg = Release|Any CPU
		{7EE6D173-A46F-4074-8B34-3534AFE99A70}.Release|Any CPU.Build.0 = Release|Any CPU
		{F571AC7D-9979-4577-9028-7436ACFF9CBC}.Debug|Any CPU.ActiveCfg = Debug|Any CPU
		{F571AC7D-9979-4577-9028-7436ACFF9CBC}.Debug|Any CPU.Build.0 = Debug|Any CPU
		{F571AC7D-9979-4577-9028-7436ACFF9CBC}.Release|Any CPU.ActiveCfg = Release|Any CPU
		{F571AC7D-9979-4577-9028-7436ACFF9CBC}.Release|Any CPU.Build.0 = Release|Any CPU
		{1C2AFB9A-03E6-4A88-9AC1-F1EB6669CEB8}.Debug|Any CPU.ActiveCfg = Debug|Any CPU
		{1C2AFB9A-03E6-4A88-9AC1-F1EB6669CEB8}.Debug|Any CPU.Build.0 = Debug|Any CPU
		{1C2AFB9A-03E6-4A88-9AC1-F1EB6669CEB8}.Release|Any CPU.ActiveCfg = Release|Any CPU
		{1C2AFB9A-03E6-4A88-9AC1-F1EB6669CEB8}.Release|Any CPU.Build.0 = Release|Any CPU
		{EC1E62E1-FC12-48C4-A002-9C96A59E51A4}.Debug|Any CPU.ActiveCfg = Debug|Any CPU
		{EC1E62E1-FC12-48C4-A002-9C96A59E51A4}.Debug|Any CPU.Build.0 = Debug|Any CPU
		{EC1E62E1-FC12-48C4-A002-9C96A59E51A4}.Release|Any CPU.ActiveCfg = Release|Any CPU
		{EC1E62E1-FC12-48C4-A002-9C96A59E51A4}.Release|Any CPU.Build.0 = Release|Any CPU
		{56328B6C-9BE3-4E08-8C17-5D2F82D4E072}.Debug|Any CPU.ActiveCfg = Debug|Any CPU
		{56328B6C-9BE3-4E08-8C17-5D2F82D4E072}.Debug|Any CPU.Build.0 = Debug|Any CPU
		{56328B6C-9BE3-4E08-8C17-5D2F82D4E072}.Release|Any CPU.ActiveCfg = Release|Any CPU
		{56328B6C-9BE3-4E08-8C17-5D2F82D4E072}.Release|Any CPU.Build.0 = Release|Any CPU
		{86330571-86A5-4D7B-979F-D50DE5F5C2D7}.Debug|Any CPU.ActiveCfg = Debug|Any CPU
		{86330571-86A5-4D7B-979F-D50DE5F5C2D7}.Debug|Any CPU.Build.0 = Debug|Any CPU
		{86330571-86A5-4D7B-979F-D50DE5F5C2D7}.Release|Any CPU.ActiveCfg = Release|Any CPU
		{86330571-86A5-4D7B-979F-D50DE5F5C2D7}.Release|Any CPU.Build.0 = Release|Any CPU
		{D4B9A429-D081-4435-9630-F567EB87A790}.Debug|Any CPU.ActiveCfg = Debug|Any CPU
		{D4B9A429-D081-4435-9630-F567EB87A790}.Debug|Any CPU.Build.0 = Debug|Any CPU
		{D4B9A429-D081-4435-9630-F567EB87A790}.Release|Any CPU.ActiveCfg = Release|Any CPU
		{D4B9A429-D081-4435-9630-F567EB87A790}.Release|Any CPU.Build.0 = Release|Any CPU
		{7232A749-E2C2-4BE2-B11B-F4FB8BDEA481}.Debug|Any CPU.ActiveCfg = Debug|Any CPU
		{7232A749-E2C2-4BE2-B11B-F4FB8BDEA481}.Debug|Any CPU.Build.0 = Debug|Any CPU
		{7232A749-E2C2-4BE2-B11B-F4FB8BDEA481}.Release|Any CPU.ActiveCfg = Release|Any CPU
		{7232A749-E2C2-4BE2-B11B-F4FB8BDEA481}.Release|Any CPU.Build.0 = Release|Any CPU
		{C6C7A29A-4182-42C3-A30A-BC78506E2978}.Debug|Any CPU.ActiveCfg = Debug|Any CPU
		{C6C7A29A-4182-42C3-A30A-BC78506E2978}.Debug|Any CPU.Build.0 = Debug|Any CPU
		{C6C7A29A-4182-42C3-A30A-BC78506E2978}.Release|Any CPU.ActiveCfg = Release|Any CPU
		{C6C7A29A-4182-42C3-A30A-BC78506E2978}.Release|Any CPU.Build.0 = Release|Any CPU
		{86FA937D-44D3-43F7-A69D-3F65024A00BC}.Debug|Any CPU.ActiveCfg = Debug|Any CPU
		{86FA937D-44D3-43F7-A69D-3F65024A00BC}.Debug|Any CPU.Build.0 = Debug|Any CPU
		{86FA937D-44D3-43F7-A69D-3F65024A00BC}.Release|Any CPU.ActiveCfg = Release|Any CPU
		{86FA937D-44D3-43F7-A69D-3F65024A00BC}.Release|Any CPU.Build.0 = Release|Any CPU
		{D358182B-1C55-4015-B61A-1DA93C76062B}.Debug|Any CPU.ActiveCfg = Debug|Any CPU
		{D358182B-1C55-4015-B61A-1DA93C76062B}.Debug|Any CPU.Build.0 = Debug|Any CPU
		{D358182B-1C55-4015-B61A-1DA93C76062B}.Release|Any CPU.ActiveCfg = Release|Any CPU
		{D358182B-1C55-4015-B61A-1DA93C76062B}.Release|Any CPU.Build.0 = Release|Any CPU
		{7AD75D46-C51A-4400-B27F-FB31FDE4A642}.Debug|Any CPU.ActiveCfg = Debug|Any CPU
		{7AD75D46-C51A-4400-B27F-FB31FDE4A642}.Debug|Any CPU.Build.0 = Debug|Any CPU
		{7AD75D46-C51A-4400-B27F-FB31FDE4A642}.Release|Any CPU.ActiveCfg = Release|Any CPU
		{7AD75D46-C51A-4400-B27F-FB31FDE4A642}.Release|Any CPU.Build.0 = Release|Any CPU
		{0FA8C920-7E4A-4A31-A0C9-E04E3C75F105}.Debug|Any CPU.ActiveCfg = Debug|Any CPU
		{0FA8C920-7E4A-4A31-A0C9-E04E3C75F105}.Debug|Any CPU.Build.0 = Debug|Any CPU
		{0FA8C920-7E4A-4A31-A0C9-E04E3C75F105}.Release|Any CPU.ActiveCfg = Release|Any CPU
		{0FA8C920-7E4A-4A31-A0C9-E04E3C75F105}.Release|Any CPU.Build.0 = Release|Any CPU
		{BF41EEB6-6782-462A-809C-B9B45C892B44}.Debug|Any CPU.ActiveCfg = Debug|Any CPU
		{BF41EEB6-6782-462A-809C-B9B45C892B44}.Debug|Any CPU.Build.0 = Debug|Any CPU
		{BF41EEB6-6782-462A-809C-B9B45C892B44}.Release|Any CPU.ActiveCfg = Release|Any CPU
		{BF41EEB6-6782-462A-809C-B9B45C892B44}.Release|Any CPU.Build.0 = Release|Any CPU
		{D8360EDF-147F-4B8D-9E33-AAA6314052FB}.Debug|Any CPU.ActiveCfg = Debug|Any CPU
		{D8360EDF-147F-4B8D-9E33-AAA6314052FB}.Debug|Any CPU.Build.0 = Debug|Any CPU
		{D8360EDF-147F-4B8D-9E33-AAA6314052FB}.Release|Any CPU.ActiveCfg = Release|Any CPU
		{D8360EDF-147F-4B8D-9E33-AAA6314052FB}.Release|Any CPU.Build.0 = Release|Any CPU
		{5D118B74-8766-472F-AE82-4447C613782A}.Debug|Any CPU.ActiveCfg = Debug|Any CPU
		{5D118B74-8766-472F-AE82-4447C613782A}.Debug|Any CPU.Build.0 = Debug|Any CPU
		{5D118B74-8766-472F-AE82-4447C613782A}.Release|Any CPU.ActiveCfg = Release|Any CPU
		{5D118B74-8766-472F-AE82-4447C613782A}.Release|Any CPU.Build.0 = Release|Any CPU
		{65F73E43-7792-46BB-9AB6-C187869C7FD7}.Debug|Any CPU.ActiveCfg = Debug|Any CPU
		{65F73E43-7792-46BB-9AB6-C187869C7FD7}.Debug|Any CPU.Build.0 = Debug|Any CPU
		{65F73E43-7792-46BB-9AB6-C187869C7FD7}.Release|Any CPU.ActiveCfg = Release|Any CPU
		{65F73E43-7792-46BB-9AB6-C187869C7FD7}.Release|Any CPU.Build.0 = Release|Any CPU
		{44ADDE44-676D-457A-8F38-CDA5F7A10CFB}.Debug|Any CPU.ActiveCfg = Debug|Any CPU
		{44ADDE44-676D-457A-8F38-CDA5F7A10CFB}.Debug|Any CPU.Build.0 = Debug|Any CPU
		{44ADDE44-676D-457A-8F38-CDA5F7A10CFB}.Release|Any CPU.ActiveCfg = Release|Any CPU
		{44ADDE44-676D-457A-8F38-CDA5F7A10CFB}.Release|Any CPU.Build.0 = Release|Any CPU
		{7506616C-B4CF-4F89-8801-F4ACC3B8A604}.Debug|Any CPU.ActiveCfg = Debug|Any CPU
		{7506616C-B4CF-4F89-8801-F4ACC3B8A604}.Debug|Any CPU.Build.0 = Debug|Any CPU
		{7506616C-B4CF-4F89-8801-F4ACC3B8A604}.Release|Any CPU.ActiveCfg = Release|Any CPU
		{7506616C-B4CF-4F89-8801-F4ACC3B8A604}.Release|Any CPU.Build.0 = Release|Any CPU
	EndGlobalSection
	GlobalSection(SolutionProperties) = preSolution
		HideSolutionNode = FALSE
	EndGlobalSection
	GlobalSection(NestedProjects) = preSolution
		{1FAA7677-7B11-4DF1-B708-796372074EC3} = {683E3B27-08F9-47C5-80D8-8BB27E6F63D7}
		{87B49CC7-3BFF-49C5-B695-679B04227C20} = {683E3B27-08F9-47C5-80D8-8BB27E6F63D7}
		{14F0FD4E-DED6-4E0F-9E32-CA9BFCBC6273} = {683E3B27-08F9-47C5-80D8-8BB27E6F63D7}
		{227DD3A0-0054-47FE-AF3D-8010AE936BF9} = {9693F4CF-2E0D-41CE-938B-4F701DE63102}
		{767B6C44-6204-497E-9ECB-DBB5455B7172} = {9693F4CF-2E0D-41CE-938B-4F701DE63102}
		{7EE6D173-A46F-4074-8B34-3534AFE99A70} = {9693F4CF-2E0D-41CE-938B-4F701DE63102}
		{F571AC7D-9979-4577-9028-7436ACFF9CBC} = {4B2B0863-3E2B-4794-8A92-EC3F271C4869}
		{1C2AFB9A-03E6-4A88-9AC1-F1EB6669CEB8} = {4B2B0863-3E2B-4794-8A92-EC3F271C4869}
		{EC1E62E1-FC12-48C4-A002-9C96A59E51A4} = {4B2B0863-3E2B-4794-8A92-EC3F271C4869}
		{56328B6C-9BE3-4E08-8C17-5D2F82D4E072} = {00666F41-6217-485B-AFE6-1F7E346B2C91}
		{86330571-86A5-4D7B-979F-D50DE5F5C2D7} = {00666F41-6217-485B-AFE6-1F7E346B2C91}
		{D4B9A429-D081-4435-9630-F567EB87A790} = {00666F41-6217-485B-AFE6-1F7E346B2C91}
		{7232A749-E2C2-4BE2-B11B-F4FB8BDEA481} = {F2D1B81B-D992-4352-8979-C46E7130C217}
		{C6C7A29A-4182-42C3-A30A-BC78506E2978} = {F2D1B81B-D992-4352-8979-C46E7130C217}
		{86FA937D-44D3-43F7-A69D-3F65024A00BC} = {F2D1B81B-D992-4352-8979-C46E7130C217}
		{D358182B-1C55-4015-B61A-1DA93C76062B} = {6A8DCE79-1908-44A0-B849-BADB3E309173}
		{7AD75D46-C51A-4400-B27F-FB31FDE4A642} = {6A8DCE79-1908-44A0-B849-BADB3E309173}
		{0FA8C920-7E4A-4A31-A0C9-E04E3C75F105} = {6A8DCE79-1908-44A0-B849-BADB3E309173}
		{BF41EEB6-6782-462A-809C-B9B45C892B44} = {6D88FFF1-6719-43E4-B552-5EFC693420D9}
		{D8360EDF-147F-4B8D-9E33-AAA6314052FB} = {6D88FFF1-6719-43E4-B552-5EFC693420D9}
		{5D118B74-8766-472F-AE82-4447C613782A} = {6D88FFF1-6719-43E4-B552-5EFC693420D9}
		{65F73E43-7792-46BB-9AB6-C187869C7FD7} = {09580DA5-EBE9-4B4B-95F0-99F4C92FB339}
		{44ADDE44-676D-457A-8F38-CDA5F7A10CFB} = {09580DA5-EBE9-4B4B-95F0-99F4C92FB339}
		{7506616C-B4CF-4F89-8801-F4ACC3B8A604} = {09580DA5-EBE9-4B4B-95F0-99F4C92FB339}
	EndGlobalSection
	GlobalSection(ExtensibilityGlobals) = postSolution
		SolutionGuid = {872232AE-0F7A-4DBA-9FCF-6F73D0F9C358}
	EndGlobalSection
EndGlobal
